// !$*UTF8*$!
{
	archiveVersion = 1;
	classes = {
	};
	objectVersion = 56;
	objects = {

/* Begin PBXBuildFile section */
		3C08760A2C8A0D1E00956C58 /* UcsgProApp.swift in Sources */ = {isa = PBXBuildFile; fileRef = 3C0876092C8A0D1E00956C58 /* UcsgProApp.swift */; };
		3C08760C2C8A0D1E00956C58 /* ContentView.swift in Sources */ = {isa = PBXBuildFile; fileRef = 3C08760B2C8A0D1E00956C58 /* ContentView.swift */; };
		3C08760E2C8A0D2000956C58 /* Assets.xcassets in Resources */ = {isa = PBXBuildFile; fileRef = 3C08760D2C8A0D2000956C58 /* Assets.xcassets */; };
		3C0876112C8A0D2000956C58 /* Preview Assets.xcassets in Resources */ = {isa = PBXBuildFile; fileRef = 3C0876102C8A0D2000956C58 /* Preview Assets.xcassets */; };
		3C08761B2C8A0D2000956C58 /* UcsgProTests.swift in Sources */ = {isa = PBXBuildFile; fileRef = 3C08761A2C8A0D2000956C58 /* UcsgProTests.swift */; };
		3C0876252C8A0D2000956C58 /* UcsgProUITests.swift in Sources */ = {isa = PBXBuildFile; fileRef = 3C0876242C8A0D2000956C58 /* UcsgProUITests.swift */; };
		3C0876272C8A0D2000956C58 /* UcsgProUITestsLaunchTests.swift in Sources */ = {isa = PBXBuildFile; fileRef = 3C0876262C8A0D2000956C58 /* UcsgProUITestsLaunchTests.swift */; };
		3C0876342C8B4D6E00956C58 /* SecondView.swift in Sources */ = {isa = PBXBuildFile; fileRef = 3C0876332C8B4D6E00956C58 /* SecondView.swift */; };
		3C11C7992C94C1B500CB54C9 /* BibliotecasView.swift in Sources */ = {isa = PBXBuildFile; fileRef = 3C11C7982C94C1B500CB54C9 /* BibliotecasView.swift */; };
		3C11C79B2C94F5D100CB54C9 /* MateriaView.swift in Sources */ = {isa = PBXBuildFile; fileRef = 3C11C79A2C94F5D100CB54C9 /* MateriaView.swift */; };
		3C4855352C9DF27D007DEC97 /* SecondMenuView.swift in Sources */ = {isa = PBXBuildFile; fileRef = 3C4855342C9DF27D007DEC97 /* SecondMenuView.swift */; };
		3C4855392CA33B2D007DEC97 /* UserProfileView.swift in Sources */ = {isa = PBXBuildFile; fileRef = 3C4855382CA33B2D007DEC97 /* UserProfileView.swift */; };
		3C48553B2CA6FA24007DEC97 /* HorarioView.swift in Sources */ = {isa = PBXBuildFile; fileRef = 3C48553A2CA6FA24007DEC97 /* HorarioView.swift */; };
		3C48553D2CA764D1007DEC97 /* MapSiteView.swift in Sources */ = {isa = PBXBuildFile; fileRef = 3C48553C2CA764D1007DEC97 /* MapSiteView.swift */; };
		3CB2146D2C8BAE9A002E1D27 /* ThirdView.swift in Sources */ = {isa = PBXBuildFile; fileRef = 3CB2146C2C8BAE9A002E1D27 /* ThirdView.swift */; };
		3CB214702C8F8062002E1D27 /* InputView.swift in Sources */ = {isa = PBXBuildFile; fileRef = 3CB2146F2C8F8062002E1D27 /* InputView.swift */; };
		3CB214722C90A33A002E1D27 /* SplashScreenView.swift in Sources */ = {isa = PBXBuildFile; fileRef = 3CB214712C90A339002E1D27 /* SplashScreenView.swift */; };
		3CB214742C90A7DA002E1D27 /* Launch Screen.storyboard in Resources */ = {isa = PBXBuildFile; fileRef = 3CB214732C90A7DA002E1D27 /* Launch Screen.storyboard */; };
/* End PBXBuildFile section */

/* Begin PBXContainerItemProxy section */
		3C0876172C8A0D2000956C58 /* PBXContainerItemProxy */ = {
			isa = PBXContainerItemProxy;
			containerPortal = 3C0875FE2C8A0D1E00956C58 /* Project object */;
			proxyType = 1;
			remoteGlobalIDString = 3C0876052C8A0D1E00956C58;
			remoteInfo = UcsgPro;
		};
		3C0876212C8A0D2000956C58 /* PBXContainerItemProxy */ = {
			isa = PBXContainerItemProxy;
			containerPortal = 3C0875FE2C8A0D1E00956C58 /* Project object */;
			proxyType = 1;
			remoteGlobalIDString = 3C0876052C8A0D1E00956C58;
			remoteInfo = UcsgPro;
		};
/* End PBXContainerItemProxy section */

/* Begin PBXFileReference section */
		3C0876062C8A0D1E00956C58 /* UcsgPro.app */ = {isa = PBXFileReference; explicitFileType = wrapper.application; includeInIndex = 0; path = UcsgPro.app; sourceTree = BUILT_PRODUCTS_DIR; };
		3C0876092C8A0D1E00956C58 /* UcsgProApp.swift */ = {isa = PBXFileReference; lastKnownFileType = sourcecode.swift; path = UcsgProApp.swift; sourceTree = "<group>"; };
		3C08760B2C8A0D1E00956C58 /* ContentView.swift */ = {isa = PBXFileReference; lastKnownFileType = sourcecode.swift; path = ContentView.swift; sourceTree = "<group>"; };
		3C08760D2C8A0D2000956C58 /* Assets.xcassets */ = {isa = PBXFileReference; lastKnownFileType = folder.assetcatalog; path = Assets.xcassets; sourceTree = "<group>"; };
		3C0876102C8A0D2000956C58 /* Preview Assets.xcassets */ = {isa = PBXFileReference; lastKnownFileType = folder.assetcatalog; path = "Preview Assets.xcassets"; sourceTree = "<group>"; };
		3C0876162C8A0D2000956C58 /* UcsgProTests.xctest */ = {isa = PBXFileReference; explicitFileType = wrapper.cfbundle; includeInIndex = 0; path = UcsgProTests.xctest; sourceTree = BUILT_PRODUCTS_DIR; };
		3C08761A2C8A0D2000956C58 /* UcsgProTests.swift */ = {isa = PBXFileReference; lastKnownFileType = sourcecode.swift; path = UcsgProTests.swift; sourceTree = "<group>"; };
		3C0876202C8A0D2000956C58 /* UcsgProUITests.xctest */ = {isa = PBXFileReference; explicitFileType = wrapper.cfbundle; includeInIndex = 0; path = UcsgProUITests.xctest; sourceTree = BUILT_PRODUCTS_DIR; };
		3C0876242C8A0D2000956C58 /* UcsgProUITests.swift */ = {isa = PBXFileReference; lastKnownFileType = sourcecode.swift; path = UcsgProUITests.swift; sourceTree = "<group>"; };
		3C0876262C8A0D2000956C58 /* UcsgProUITestsLaunchTests.swift */ = {isa = PBXFileReference; lastKnownFileType = sourcecode.swift; path = UcsgProUITestsLaunchTests.swift; sourceTree = "<group>"; };
		3C0876332C8B4D6E00956C58 /* SecondView.swift */ = {isa = PBXFileReference; lastKnownFileType = sourcecode.swift; path = SecondView.swift; sourceTree = "<group>"; };
		3C11C7982C94C1B500CB54C9 /* BibliotecasView.swift */ = {isa = PBXFileReference; lastKnownFileType = sourcecode.swift; path = BibliotecasView.swift; sourceTree = "<group>"; };
		3C11C79A2C94F5D100CB54C9 /* MateriaView.swift */ = {isa = PBXFileReference; lastKnownFileType = sourcecode.swift; path = MateriaView.swift; sourceTree = "<group>"; };
		3C4855342C9DF27D007DEC97 /* SecondMenuView.swift */ = {isa = PBXFileReference; lastKnownFileType = sourcecode.swift; path = SecondMenuView.swift; sourceTree = "<group>"; };
		3C4855382CA33B2D007DEC97 /* UserProfileView.swift */ = {isa = PBXFileReference; lastKnownFileType = sourcecode.swift; path = UserProfileView.swift; sourceTree = "<group>"; };
		3C48553A2CA6FA24007DEC97 /* HorarioView.swift */ = {isa = PBXFileReference; lastKnownFileType = sourcecode.swift; path = HorarioView.swift; sourceTree = "<group>"; };
		3C48553C2CA764D1007DEC97 /* MapSiteView.swift */ = {isa = PBXFileReference; lastKnownFileType = sourcecode.swift; path = MapSiteView.swift; sourceTree = "<group>"; };
		3CB2146C2C8BAE9A002E1D27 /* ThirdView.swift */ = {isa = PBXFileReference; lastKnownFileType = sourcecode.swift; path = ThirdView.swift; sourceTree = "<group>"; };
		3CB2146F2C8F8062002E1D27 /* InputView.swift */ = {isa = PBXFileReference; lastKnownFileType = sourcecode.swift; path = InputView.swift; sourceTree = "<group>"; };
		3CB214712C90A339002E1D27 /* SplashScreenView.swift */ = {isa = PBXFileReference; lastKnownFileType = sourcecode.swift; path = SplashScreenView.swift; sourceTree = "<group>"; };
		3CB214732C90A7DA002E1D27 /* Launch Screen.storyboard */ = {isa = PBXFileReference; lastKnownFileType = file.storyboard; path = "Launch Screen.storyboard"; sourceTree = "<group>"; };
/* End PBXFileReference section */

/* Begin PBXFrameworksBuildPhase section */
		3C0876032C8A0D1E00956C58 /* Frameworks */ = {
			isa = PBXFrameworksBuildPhase;
			buildActionMask = 2147483647;
			files = (
			);
			runOnlyForDeploymentPostprocessing = 0;
		};
		3C0876132C8A0D2000956C58 /* Frameworks */ = {
			isa = PBXFrameworksBuildPhase;
			buildActionMask = 2147483647;
			files = (
			);
			runOnlyForDeploymentPostprocessing = 0;
		};
		3C08761D2C8A0D2000956C58 /* Frameworks */ = {
			isa = PBXFrameworksBuildPhase;
			buildActionMask = 2147483647;
			files = (
			);
			runOnlyForDeploymentPostprocessing = 0;
		};
/* End PBXFrameworksBuildPhase section */

/* Begin PBXGroup section */
		3C0875FD2C8A0D1E00956C58 = {
			isa = PBXGroup;
			children = (
				3C0876082C8A0D1E00956C58 /* UcsgPro */,
				3C0876192C8A0D2000956C58 /* UcsgProTests */,
				3C0876232C8A0D2000956C58 /* UcsgProUITests */,
				3C0876072C8A0D1E00956C58 /* Products */,
			);
			sourceTree = "<group>";
		};
		3C0876072C8A0D1E00956C58 /* Products */ = {
			isa = PBXGroup;
			children = (
				3C0876062C8A0D1E00956C58 /* UcsgPro.app */,
				3C0876162C8A0D2000956C58 /* UcsgProTests.xctest */,
				3C0876202C8A0D2000956C58 /* UcsgProUITests.xctest */,
			);
			name = Products;
			sourceTree = "<group>";
		};
		3C0876082C8A0D1E00956C58 /* UcsgPro */ = {
			isa = PBXGroup;
			children = (
				3CB2146E2C8F7ED9002E1D27 /* Components */,
				3C0876092C8A0D1E00956C58 /* UcsgProApp.swift */,
				3C08760B2C8A0D1E00956C58 /* ContentView.swift */,
				3C08760D2C8A0D2000956C58 /* Assets.xcassets */,
				3C08760F2C8A0D2000956C58 /* Preview Content */,
				3C0876332C8B4D6E00956C58 /* SecondView.swift */,
				3CB2146C2C8BAE9A002E1D27 /* ThirdView.swift */,
				3CB214712C90A339002E1D27 /* SplashScreenView.swift */,
				3CB214732C90A7DA002E1D27 /* Launch Screen.storyboard */,
				3C11C7982C94C1B500CB54C9 /* BibliotecasView.swift */,
				3C11C79A2C94F5D100CB54C9 /* MateriaView.swift */,
				3C4855342C9DF27D007DEC97 /* SecondMenuView.swift */,
				3C4855382CA33B2D007DEC97 /* UserProfileView.swift */,
				3C48553A2CA6FA24007DEC97 /* HorarioView.swift */,
				3C48553C2CA764D1007DEC97 /* MapSiteView.swift */,
			);
			path = UcsgPro;
			sourceTree = "<group>";
		};
		3C08760F2C8A0D2000956C58 /* Preview Content */ = {
			isa = PBXGroup;
			children = (
				3C0876102C8A0D2000956C58 /* Preview Assets.xcassets */,
			);
			path = "Preview Content";
			sourceTree = "<group>";
		};
		3C0876192C8A0D2000956C58 /* UcsgProTests */ = {
			isa = PBXGroup;
			children = (
				3C08761A2C8A0D2000956C58 /* UcsgProTests.swift */,
			);
			path = UcsgProTests;
			sourceTree = "<group>";
		};
		3C0876232C8A0D2000956C58 /* UcsgProUITests */ = {
			isa = PBXGroup;
			children = (
				3C0876242C8A0D2000956C58 /* UcsgProUITests.swift */,
				3C0876262C8A0D2000956C58 /* UcsgProUITestsLaunchTests.swift */,
			);
			path = UcsgProUITests;
			sourceTree = "<group>";
		};
		3CB2146E2C8F7ED9002E1D27 /* Components */ = {
			isa = PBXGroup;
			children = (
				3CB2146F2C8F8062002E1D27 /* InputView.swift */,
			);
			path = Components;
			sourceTree = "<group>";
		};
/* End PBXGroup section */

/* Begin PBXNativeTarget section */
		3C0876052C8A0D1E00956C58 /* UcsgPro */ = {
			isa = PBXNativeTarget;
			buildConfigurationList = 3C08762A2C8A0D2000956C58 /* Build configuration list for PBXNativeTarget "UcsgPro" */;
			buildPhases = (
				3C0876022C8A0D1E00956C58 /* Sources */,
				3C0876032C8A0D1E00956C58 /* Frameworks */,
				3C0876042C8A0D1E00956C58 /* Resources */,
			);
			buildRules = (
			);
			dependencies = (
			);
			name = UcsgPro;
			productName = UcsgPro;
			productReference = 3C0876062C8A0D1E00956C58 /* UcsgPro.app */;
			productType = "com.apple.product-type.application";
		};
		3C0876152C8A0D2000956C58 /* UcsgProTests */ = {
			isa = PBXNativeTarget;
			buildConfigurationList = 3C08762D2C8A0D2000956C58 /* Build configuration list for PBXNativeTarget "UcsgProTests" */;
			buildPhases = (
				3C0876122C8A0D2000956C58 /* Sources */,
				3C0876132C8A0D2000956C58 /* Frameworks */,
				3C0876142C8A0D2000956C58 /* Resources */,
			);
			buildRules = (
			);
			dependencies = (
				3C0876182C8A0D2000956C58 /* PBXTargetDependency */,
			);
			name = UcsgProTests;
			productName = UcsgProTests;
			productReference = 3C0876162C8A0D2000956C58 /* UcsgProTests.xctest */;
			productType = "com.apple.product-type.bundle.unit-test";
		};
		3C08761F2C8A0D2000956C58 /* UcsgProUITests */ = {
			isa = PBXNativeTarget;
			buildConfigurationList = 3C0876302C8A0D2000956C58 /* Build configuration list for PBXNativeTarget "UcsgProUITests" */;
			buildPhases = (
				3C08761C2C8A0D2000956C58 /* Sources */,
				3C08761D2C8A0D2000956C58 /* Frameworks */,
				3C08761E2C8A0D2000956C58 /* Resources */,
			);
			buildRules = (
			);
			dependencies = (
				3C0876222C8A0D2000956C58 /* PBXTargetDependency */,
			);
			name = UcsgProUITests;
			productName = UcsgProUITests;
			productReference = 3C0876202C8A0D2000956C58 /* UcsgProUITests.xctest */;
			productType = "com.apple.product-type.bundle.ui-testing";
		};
/* End PBXNativeTarget section */

/* Begin PBXProject section */
		3C0875FE2C8A0D1E00956C58 /* Project object */ = {
			isa = PBXProject;
			attributes = {
				BuildIndependentTargetsInParallel = 1;
				LastSwiftUpdateCheck = 1540;
				LastUpgradeCheck = 1600;
				TargetAttributes = {
					3C0876052C8A0D1E00956C58 = {
						CreatedOnToolsVersion = 15.4;
					};
					3C0876152C8A0D2000956C58 = {
						CreatedOnToolsVersion = 15.4;
						TestTargetID = 3C0876052C8A0D1E00956C58;
					};
					3C08761F2C8A0D2000956C58 = {
						CreatedOnToolsVersion = 15.4;
						TestTargetID = 3C0876052C8A0D1E00956C58;
					};
				};
			};
			buildConfigurationList = 3C0876012C8A0D1E00956C58 /* Build configuration list for PBXProject "UcsgPro" */;
			compatibilityVersion = "Xcode 14.0";
			developmentRegion = en;
			hasScannedForEncodings = 0;
			knownRegions = (
				en,
				Base,
			);
			mainGroup = 3C0875FD2C8A0D1E00956C58;
			productRefGroup = 3C0876072C8A0D1E00956C58 /* Products */;
			projectDirPath = "";
			projectRoot = "";
			targets = (
				3C0876052C8A0D1E00956C58 /* UcsgPro */,
				3C0876152C8A0D2000956C58 /* UcsgProTests */,
				3C08761F2C8A0D2000956C58 /* UcsgProUITests */,
			);
		};
/* End PBXProject section */

/* Begin PBXResourcesBuildPhase section */
		3C0876042C8A0D1E00956C58 /* Resources */ = {
			isa = PBXResourcesBuildPhase;
			buildActionMask = 2147483647;
			files = (
				3CB214742C90A7DA002E1D27 /* Launch Screen.storyboard in Resources */,
				3C0876112C8A0D2000956C58 /* Preview Assets.xcassets in Resources */,
				3C08760E2C8A0D2000956C58 /* Assets.xcassets in Resources */,
			);
			runOnlyForDeploymentPostprocessing = 0;
		};
		3C0876142C8A0D2000956C58 /* Resources */ = {
			isa = PBXResourcesBuildPhase;
			buildActionMask = 2147483647;
			files = (
			);
			runOnlyForDeploymentPostprocessing = 0;
		};
		3C08761E2C8A0D2000956C58 /* Resources */ = {
			isa = PBXResourcesBuildPhase;
			buildActionMask = 2147483647;
			files = (
			);
			runOnlyForDeploymentPostprocessing = 0;
		};
/* End PBXResourcesBuildPhase section */

/* Begin PBXSourcesBuildPhase section */
		3C0876022C8A0D1E00956C58 /* Sources */ = {
			isa = PBXSourcesBuildPhase;
			buildActionMask = 2147483647;
			files = (
				3CB2146D2C8BAE9A002E1D27 /* ThirdView.swift in Sources */,
				3C0876342C8B4D6E00956C58 /* SecondView.swift in Sources */,
				3C11C79B2C94F5D100CB54C9 /* MateriaView.swift in Sources */,
				3C11C7992C94C1B500CB54C9 /* BibliotecasView.swift in Sources */,
				3CB214702C8F8062002E1D27 /* InputView.swift in Sources */,
				3C4855392CA33B2D007DEC97 /* UserProfileView.swift in Sources */,
				3C48553B2CA6FA24007DEC97 /* HorarioView.swift in Sources */,
				3C4855352C9DF27D007DEC97 /* SecondMenuView.swift in Sources */,
				3C08760C2C8A0D1E00956C58 /* ContentView.swift in Sources */,
				3C08760A2C8A0D1E00956C58 /* UcsgProApp.swift in Sources */,
				3C48553D2CA764D1007DEC97 /* MapSiteView.swift in Sources */,
				3CB214722C90A33A002E1D27 /* SplashScreenView.swift in Sources */,
			);
			runOnlyForDeploymentPostprocessing = 0;
		};
		3C0876122C8A0D2000956C58 /* Sources */ = {
			isa = PBXSourcesBuildPhase;
			buildActionMask = 2147483647;
			files = (
				3C08761B2C8A0D2000956C58 /* UcsgProTests.swift in Sources */,
			);
			runOnlyForDeploymentPostprocessing = 0;
		};
		3C08761C2C8A0D2000956C58 /* Sources */ = {
			isa = PBXSourcesBuildPhase;
			buildActionMask = 2147483647;
			files = (
				3C0876272C8A0D2000956C58 /* UcsgProUITestsLaunchTests.swift in Sources */,
				3C0876252C8A0D2000956C58 /* UcsgProUITests.swift in Sources */,
			);
			runOnlyForDeploymentPostprocessing = 0;
		};
/* End PBXSourcesBuildPhase section */

/* Begin PBXTargetDependency section */
		3C0876182C8A0D2000956C58 /* PBXTargetDependency */ = {
			isa = PBXTargetDependency;
			target = 3C0876052C8A0D1E00956C58 /* UcsgPro */;
			targetProxy = 3C0876172C8A0D2000956C58 /* PBXContainerItemProxy */;
		};
		3C0876222C8A0D2000956C58 /* PBXTargetDependency */ = {
			isa = PBXTargetDependency;
			target = 3C0876052C8A0D1E00956C58 /* UcsgPro */;
			targetProxy = 3C0876212C8A0D2000956C58 /* PBXContainerItemProxy */;
		};
/* End PBXTargetDependency section */

/* Begin XCBuildConfiguration section */
		3C0876282C8A0D2000956C58 /* Debug */ = {
			isa = XCBuildConfiguration;
			buildSettings = {
				ALWAYS_SEARCH_USER_PATHS = NO;
				ASSETCATALOG_COMPILER_GENERATE_SWIFT_ASSET_SYMBOL_EXTENSIONS = YES;
				CLANG_ANALYZER_NONNULL = YES;
				CLANG_ANALYZER_NUMBER_OBJECT_CONVERSION = YES_AGGRESSIVE;
				CLANG_CXX_LANGUAGE_STANDARD = "gnu++20";
				CLANG_ENABLE_MODULES = YES;
				CLANG_ENABLE_OBJC_ARC = YES;
				CLANG_ENABLE_OBJC_WEAK = YES;
				CLANG_WARN_BLOCK_CAPTURE_AUTORELEASING = YES;
				CLANG_WARN_BOOL_CONVERSION = YES;
				CLANG_WARN_COMMA = YES;
				CLANG_WARN_CONSTANT_CONVERSION = YES;
				CLANG_WARN_DEPRECATED_OBJC_IMPLEMENTATIONS = YES;
				CLANG_WARN_DIRECT_OBJC_ISA_USAGE = YES_ERROR;
				CLANG_WARN_DOCUMENTATION_COMMENTS = YES;
				CLANG_WARN_EMPTY_BODY = YES;
				CLANG_WARN_ENUM_CONVERSION = YES;
				CLANG_WARN_INFINITE_RECURSION = YES;
				CLANG_WARN_INT_CONVERSION = YES;
				CLANG_WARN_NON_LITERAL_NULL_CONVERSION = YES;
				CLANG_WARN_OBJC_IMPLICIT_RETAIN_SELF = YES;
				CLANG_WARN_OBJC_LITERAL_CONVERSION = YES;
				CLANG_WARN_OBJC_ROOT_CLASS = YES_ERROR;
				CLANG_WARN_QUOTED_INCLUDE_IN_FRAMEWORK_HEADER = YES;
				CLANG_WARN_RANGE_LOOP_ANALYSIS = YES;
				CLANG_WARN_STRICT_PROTOTYPES = YES;
				CLANG_WARN_SUSPICIOUS_MOVE = YES;
				CLANG_WARN_UNGUARDED_AVAILABILITY = YES_AGGRESSIVE;
				CLANG_WARN_UNREACHABLE_CODE = YES;
				CLANG_WARN__DUPLICATE_METHOD_MATCH = YES;
				COPY_PHASE_STRIP = NO;
				DEBUG_INFORMATION_FORMAT = dwarf;
				ENABLE_STRICT_OBJC_MSGSEND = YES;
				ENABLE_TESTABILITY = YES;
				ENABLE_USER_SCRIPT_SANDBOXING = YES;
				GCC_C_LANGUAGE_STANDARD = gnu17;
				GCC_DYNAMIC_NO_PIC = NO;
				GCC_NO_COMMON_BLOCKS = YES;
				GCC_OPTIMIZATION_LEVEL = 0;
				GCC_PREPROCESSOR_DEFINITIONS = (
					"DEBUG=1",
					"$(inherited)",
				);
				GCC_WARN_64_TO_32_BIT_CONVERSION = YES;
				GCC_WARN_ABOUT_RETURN_TYPE = YES_ERROR;
				GCC_WARN_UNDECLARED_SELECTOR = YES;
				GCC_WARN_UNINITIALIZED_AUTOS = YES_AGGRESSIVE;
				GCC_WARN_UNUSED_FUNCTION = YES;
				GCC_WARN_UNUSED_VARIABLE = YES;
				IPHONEOS_DEPLOYMENT_TARGET = 17.5;
				LOCALIZATION_PREFERS_STRING_CATALOGS = YES;
				MTL_ENABLE_DEBUG_INFO = INCLUDE_SOURCE;
				MTL_FAST_MATH = YES;
				ONLY_ACTIVE_ARCH = YES;
				SDKROOT = iphoneos;
				SWIFT_ACTIVE_COMPILATION_CONDITIONS = "DEBUG $(inherited)";
				SWIFT_OPTIMIZATION_LEVEL = "-Onone";
			};
			name = Debug;
		};
		3C0876292C8A0D2000956C58 /* Release */ = {
			isa = XCBuildConfiguration;
			buildSettings = {
				ALWAYS_SEARCH_USER_PATHS = NO;
				ASSETCATALOG_COMPILER_GENERATE_SWIFT_ASSET_SYMBOL_EXTENSIONS = YES;
				CLANG_ANALYZER_NONNULL = YES;
				CLANG_ANALYZER_NUMBER_OBJECT_CONVERSION = YES_AGGRESSIVE;
				CLANG_CXX_LANGUAGE_STANDARD = "gnu++20";
				CLANG_ENABLE_MODULES = YES;
				CLANG_ENABLE_OBJC_ARC = YES;
				CLANG_ENABLE_OBJC_WEAK = YES;
				CLANG_WARN_BLOCK_CAPTURE_AUTORELEASING = YES;
				CLANG_WARN_BOOL_CONVERSION = YES;
				CLANG_WARN_COMMA = YES;
				CLANG_WARN_CONSTANT_CONVERSION = YES;
				CLANG_WARN_DEPRECATED_OBJC_IMPLEMENTATIONS = YES;
				CLANG_WARN_DIRECT_OBJC_ISA_USAGE = YES_ERROR;
				CLANG_WARN_DOCUMENTATION_COMMENTS = YES;
				CLANG_WARN_EMPTY_BODY = YES;
				CLANG_WARN_ENUM_CONVERSION = YES;
				CLANG_WARN_INFINITE_RECURSION = YES;
				CLANG_WARN_INT_CONVERSION = YES;
				CLANG_WARN_NON_LITERAL_NULL_CONVERSION = YES;
				CLANG_WARN_OBJC_IMPLICIT_RETAIN_SELF = YES;
				CLANG_WARN_OBJC_LITERAL_CONVERSION = YES;
				CLANG_WARN_OBJC_ROOT_CLASS = YES_ERROR;
				CLANG_WARN_QUOTED_INCLUDE_IN_FRAMEWORK_HEADER = YES;
				CLANG_WARN_RANGE_LOOP_ANALYSIS = YES;
				CLANG_WARN_STRICT_PROTOTYPES = YES;
				CLANG_WARN_SUSPICIOUS_MOVE = YES;
				CLANG_WARN_UNGUARDED_AVAILABILITY = YES_AGGRESSIVE;
				CLANG_WARN_UNREACHABLE_CODE = YES;
				CLANG_WARN__DUPLICATE_METHOD_MATCH = YES;
				COPY_PHASE_STRIP = NO;
				DEBUG_INFORMATION_FORMAT = "dwarf-with-dsym";
				ENABLE_NS_ASSERTIONS = NO;
				ENABLE_STRICT_OBJC_MSGSEND = YES;
				ENABLE_USER_SCRIPT_SANDBOXING = YES;
				GCC_C_LANGUAGE_STANDARD = gnu17;
				GCC_NO_COMMON_BLOCKS = YES;
				GCC_WARN_64_TO_32_BIT_CONVERSION = YES;
				GCC_WARN_ABOUT_RETURN_TYPE = YES_ERROR;
				GCC_WARN_UNDECLARED_SELECTOR = YES;
				GCC_WARN_UNINITIALIZED_AUTOS = YES_AGGRESSIVE;
				GCC_WARN_UNUSED_FUNCTION = YES;
				GCC_WARN_UNUSED_VARIABLE = YES;
				IPHONEOS_DEPLOYMENT_TARGET = 17.5;
				LOCALIZATION_PREFERS_STRING_CATALOGS = YES;
				MTL_ENABLE_DEBUG_INFO = NO;
				MTL_FAST_MATH = YES;
				SDKROOT = iphoneos;
				SWIFT_COMPILATION_MODE = wholemodule;
				VALIDATE_PRODUCT = YES;
			};
			name = Release;
		};
		3C08762B2C8A0D2000956C58 /* Debug */ = {
			isa = XCBuildConfiguration;
			buildSettings = {
				ASSETCATALOG_COMPILER_APPICON_NAME = AppIcon;
				ASSETCATALOG_COMPILER_GLOBAL_ACCENT_COLOR_NAME = AccentColor;
				CODE_SIGN_STYLE = Automatic;
				CURRENT_PROJECT_VERSION = 1;
				DEVELOPMENT_ASSET_PATHS = "\"UcsgPro/Preview Content\"";
				DEVELOPMENT_TEAM = QBEX838GJ8;
				ENABLE_PREVIEWS = YES;
				GENERATE_INFOPLIST_FILE = YES;
				INFOPLIST_KEY_LSApplicationCategoryType = "public.app-category.education";
				INFOPLIST_KEY_UIApplicationSceneManifest_Generation = YES;
				INFOPLIST_KEY_UIApplicationSupportsIndirectInputEvents = YES;
				INFOPLIST_KEY_UILaunchScreen_Generation = YES;
				INFOPLIST_KEY_UILaunchStoryboardName = "Launch Screen.storyboard";
				INFOPLIST_KEY_UISupportedInterfaceOrientations_iPad = "UIInterfaceOrientationPortrait UIInterfaceOrientationPortraitUpsideDown UIInterfaceOrientationLandscapeLeft UIInterfaceOrientationLandscapeRight";
				INFOPLIST_KEY_UISupportedInterfaceOrientations_iPhone = "UIInterfaceOrientationPortrait UIInterfaceOrientationLandscapeLeft UIInterfaceOrientationLandscapeRight";
				IPHONEOS_DEPLOYMENT_TARGET = 17.6;
				LD_RUNPATH_SEARCH_PATHS = (
					"$(inherited)",
					"@executable_path/Frameworks",
				);
				MARKETING_VERSION = 1.0;
				PRODUCT_BUNDLE_IDENTIFIER = com.ucsg.mobile.UcsgPro;
				PRODUCT_NAME = "$(TARGET_NAME)";
				SWIFT_EMIT_LOC_STRINGS = YES;
				SWIFT_VERSION = 5.0;
				TARGETED_DEVICE_FAMILY = "1,2";
			};
			name = Debug;
		};
		3C08762C2C8A0D2000956C58 /* Release */ = {
			isa = XCBuildConfiguration;
			buildSettings = {
				ASSETCATALOG_COMPILER_APPICON_NAME = AppIcon;
				ASSETCATALOG_COMPILER_GLOBAL_ACCENT_COLOR_NAME = AccentColor;
				CODE_SIGN_STYLE = Automatic;
				CURRENT_PROJECT_VERSION = 1;
				DEVELOPMENT_ASSET_PATHS = "\"UcsgPro/Preview Content\"";
				DEVELOPMENT_TEAM = QBEX838GJ8;
				ENABLE_PREVIEWS = YES;
				GENERATE_INFOPLIST_FILE = YES;
				INFOPLIST_KEY_LSApplicationCategoryType = "public.app-category.education";
				INFOPLIST_KEY_UIApplicationSceneManifest_Generation = YES;
				INFOPLIST_KEY_UIApplicationSupportsIndirectInputEvents = YES;
				INFOPLIST_KEY_UILaunchScreen_Generation = YES;
				INFOPLIST_KEY_UILaunchStoryboardName = "Launch Screen.storyboard";
				INFOPLIST_KEY_UISupportedInterfaceOrientations_iPad = "UIInterfaceOrientationPortrait UIInterfaceOrientationPortraitUpsideDown UIInterfaceOrientationLandscapeLeft UIInterfaceOrientationLandscapeRight";
				INFOPLIST_KEY_UISupportedInterfaceOrientations_iPhone = "UIInterfaceOrientationPortrait UIInterfaceOrientationLandscapeLeft UIInterfaceOrientationLandscapeRight";
				IPHONEOS_DEPLOYMENT_TARGET = 17.6;
				LD_RUNPATH_SEARCH_PATHS = (
					"$(inherited)",
					"@executable_path/Frameworks",
				);
				MARKETING_VERSION = 1.0;
				PRODUCT_BUNDLE_IDENTIFIER = com.ucsg.mobile.UcsgPro;
				PRODUCT_NAME = "$(TARGET_NAME)";
				SWIFT_EMIT_LOC_STRINGS = YES;
				SWIFT_VERSION = 5.0;
				TARGETED_DEVICE_FAMILY = "1,2";
			};
			name = Release;
		};
		3C08762E2C8A0D2000956C58 /* Debug */ = {
			isa = XCBuildConfiguration;
			buildSettings = {
				BUNDLE_LOADER = "$(TEST_HOST)";
				CODE_SIGN_STYLE = Automatic;
				CURRENT_PROJECT_VERSION = 1;
				DEVELOPMENT_TEAM = QBEX838GJ8;
				GENERATE_INFOPLIST_FILE = YES;
				IPHONEOS_DEPLOYMENT_TARGET = 17.5;
				MARKETING_VERSION = 1.0;
				PRODUCT_BUNDLE_IDENTIFIER = com.ucsg.mobile.UcsgProTests;
				PRODUCT_NAME = "$(TARGET_NAME)";
				SWIFT_EMIT_LOC_STRINGS = NO;
				SWIFT_VERSION = 5.0;
				TARGETED_DEVICE_FAMILY = "1,2";
				TEST_HOST = "$(BUILT_PRODUCTS_DIR)/UcsgPro.app/$(BUNDLE_EXECUTABLE_FOLDER_PATH)/UcsgPro";
			};
			name = Debug;
		};
		3C08762F2C8A0D2000956C58 /* Release */ = {
			isa = XCBuildConfiguration;
			buildSettings = {
				BUNDLE_LOADER = "$(TEST_HOST)";
				CODE_SIGN_STYLE = Automatic;
				CURRENT_PROJECT_VERSION = 1;
				DEVELOPMENT_TEAM = QBEX838GJ8;
				GENERATE_INFOPLIST_FILE = YES;
				IPHONEOS_DEPLOYMENT_TARGET = 17.5;
				MARKETING_VERSION = 1.0;
				PRODUCT_BUNDLE_IDENTIFIER = com.ucsg.mobile.UcsgProTests;
				PRODUCT_NAME = "$(TARGET_NAME)";
				SWIFT_EMIT_LOC_STRINGS = NO;
				SWIFT_VERSION = 5.0;
				TARGETED_DEVICE_FAMILY = "1,2";
				TEST_HOST = "$(BUILT_PRODUCTS_DIR)/UcsgPro.app/$(BUNDLE_EXECUTABLE_FOLDER_PATH)/UcsgPro";
			};
			name = Release;
		};
		3C0876312C8A0D2000956C58 /* Debug */ = {
			isa = XCBuildConfiguration;
			buildSettings = {
				CODE_SIGN_STYLE = Automatic;
				CURRENT_PROJECT_VERSION = 1;
				DEVELOPMENT_TEAM = QBEX838GJ8;
				GENERATE_INFOPLIST_FILE = YES;
				MARKETING_VERSION = 1.0;
				PRODUCT_BUNDLE_IDENTIFIER = com.ucsg.mobile.UcsgProUITests;
				PRODUCT_NAME = "$(TARGET_NAME)";
				SWIFT_EMIT_LOC_STRINGS = NO;
				SWIFT_VERSION = 5.0;
				TARGETED_DEVICE_FAMILY = "1,2";
				TEST_TARGET_NAME = UcsgPro;
			};
			name = Debug;
		};
		3C0876322C8A0D2000956C58 /* Release */ = {
			isa = XCBuildConfiguration;
			buildSettings = {
				CODE_SIGN_STYLE = Automatic;
				CURRENT_PROJECT_VERSION = 1;
				DEVELOPMENT_TEAM = QBEX838GJ8;
				GENERATE_INFOPLIST_FILE = YES;
				MARKETING_VERSION = 1.0;
				PRODUCT_BUNDLE_IDENTIFIER = com.ucsg.mobile.UcsgProUITests;
				PRODUCT_NAME = "$(TARGET_NAME)";
				SWIFT_EMIT_LOC_STRINGS = NO;
				SWIFT_VERSION = 5.0;
				TARGETED_DEVICE_FAMILY = "1,2";
				TEST_TARGET_NAME = UcsgPro;
			};
			name = Release;
		};
/* End XCBuildConfiguration section */

/* Begin XCConfigurationList section */
		3C0876012C8A0D1E00956C58 /* Build configuration list for PBXProject "UcsgPro" */ = {
			isa = XCConfigurationList;
			buildConfigurations = (
				3C0876282C8A0D2000956C58 /* Debug */,
				3C0876292C8A0D2000956C58 /* Release */,
			);
			defaultConfigurationIsVisible = 0;
			defaultConfigurationName = Release;
		};
		3C08762A2C8A0D2000956C58 /* Build configuration list for PBXNativeTarget "UcsgPro" */ = {
			isa = XCConfigurationList;
			buildConfigurations = (
				3C08762B2C8A0D2000956C58 /* Debug */,
				3C08762C2C8A0D2000956C58 /* Release */,
			);
			defaultConfigurationIsVisible = 0;
			defaultConfigurationName = Release;
		};
		3C08762D2C8A0D2000956C58 /* Build configuration list for PBXNativeTarget "UcsgProTests" */ = {
			isa = XCConfigurationList;
			buildConfigurations = (
				3C08762E2C8A0D2000956C58 /* Debug */,
				3C08762F2C8A0D2000956C58 /* Release */,
			);
			defaultConfigurationIsVisible = 0;
			defaultConfigurationName = Release;
		};
		3C0876302C8A0D2000956C58 /* Build configuration list for PBXNativeTarget "UcsgProUITests" */ = {
			isa = XCConfigurationList;
			buildConfigurations = (
				3C0876312C8A0D2000956C58 /* Debug */,
				3C0876322C8A0D2000956C58 /* Release */,
			);
			defaultConfigurationIsVisible = 0;
			defaultConfigurationName = Release;
		};
/* End XCConfigurationList section */
	};
	rootObject = 3C0875FE2C8A0D1E00956C58 /* Project object */;
}
